{
  "name": "example",
  "version": "1.0.0",
  "lockfileVersion": 2,
  "requires": true,
  "packages": {
    "": {
      "name": "example",
      "version": "1.0.0",
      "license": "ISC",
      "dependencies": {
        "@lukekaalim/cast": "file:.."
      }
    },
    "..": {
      "name": "@lukekaalim/cast",
      "version": "4.1.1",
      "license": "MIT",
      "devDependencies": {
        "flow-bin": "^0.159.0"
      }
    },
    "node_modules/@lukekaalim/cast": {
      "resolved": "..",
      "link": true
    }
  },
  "dependencies": {
    "@lukekaalim/cast": {
      "version": "file:..",
      "requires": {
        "flow-bin": "^0.159.0"
      }
    }
  }
}
