{
  "name": "cast",
  "lockfileVersion": 2,
  "requires": true,
  "packages": {
    "": {
      "workspaces": [
        "library",
        "example"
      ]
    },
    "example": {
      "version": "1.0.0",
      "license": "ISC",
      "dependencies": {
        "@lukekaalim/cast": "*"
      }
    },
    "library": {
      "name": "@lukekaalim/cast",
      "version": "4.2.0",
      "license": "MIT",
      "devDependencies": {
        "flow-bin": "^0.159.0"
      }
    },
    "node_modules/@lukekaalim/cast": {
      "resolved": "library",
      "link": true
    },
    "node_modules/example": {
      "resolved": "example",
      "link": true
    },
    "node_modules/flow-bin": {
      "version": "0.159.0",
      "resolved": "https://ninetech.jfrog.io/artifactory/api/npm/ninenow-npm/flow-bin/-/flow-bin-0.159.0.tgz",
      "integrity": "sha512-5SugX7mOdfruzn2/+42DF74bxJO2SGmSEzCvTH9wOoBi98Ie87D5Hmb9OoGfwAE5SnXJmB6OCwN2WDiJe4lI+w==",
      "dev": true,
      "bin": {
        "flow": "cli.js"
      },
      "engines": {
        "node": ">=0.10.0"
      }
    }
  },
  "dependencies": {
    "@lukekaalim/cast": {
      "version": "file:library",
      "requires": {
        "flow-bin": "^0.159.0"
      }
    },
    "example": {
      "version": "file:example",
      "requires": {
        "@lukekaalim/cast": "*"
      }
    },
    "flow-bin": {
      "version": "0.159.0",
      "resolved": "https://ninetech.jfrog.io/artifactory/api/npm/ninenow-npm/flow-bin/-/flow-bin-0.159.0.tgz",
      "integrity": "sha512-5SugX7mOdfruzn2/+42DF74bxJO2SGmSEzCvTH9wOoBi98Ie87D5Hmb9OoGfwAE5SnXJmB6OCwN2WDiJe4lI+w==",
      "dev": true
    }
  }
}
